
Microsoft Visual Studio Solution File, Format Version 12.00
# Visual Studio Version 17
VisualStudioVersion = 17.0.31903.59
MinimumVisualStudioVersion = 10.0.40219.1
Project("{2150E333-8FDC-42A3-9474-1A3956D46DE8}") = "src", "src", "{827E0CD3-B72D-47B6-A68D-7590B98EB39B}"
EndProject
Project("{FAE04EC0-301F-11D3-BF4B-00C04F79EFBC}") = "eStok.Domain", "src\eStok.Domain\eStok.Domain.csproj", "{68673E64-8EDD-4363-893B-DB0D6B2B3C66}"
EndProject
Project("{FAE04EC0-301F-11D3-BF4B-00C04F79EFBC}") = "eStok.Application", "src\eStok.Application\eStok.Application.csproj", "{1F4D378C-FB04-4614-A78A-78CF18BDFE24}"
EndProject
Project("{FAE04EC0-301F-11D3-BF4B-00C04F79EFBC}") = "eStok.Infrastructure", "src\eStok.Infrastructure\eStok.Infrastructure.csproj", "{8ABEE904-00B0-4407-B9B5-A6C6DAB9C635}"
EndProject
Project("{FAE04EC0-301F-11D3-BF4B-00C04F79EFBC}") = "eStok.Api", "src\eStok.Api\eStok.Api.csproj", "{612E9C27-ED4F-4308-B0D6-1FF94D3CADE4}"
EndProject
Project("{2150E333-8FDC-42A3-9474-1A3956D46DE8}") = "tests", "tests", "{0AB3BF05-4346-4AA6-1389-037BE0695223}"
EndProject
Project("{FAE04EC0-301F-11D3-BF4B-00C04F79EFBC}") = "eStok.UnitTests", "tests\eStok.UnitTests\eStok.UnitTests.csproj", "{82570008-FA77-4349-8977-9C823840AC0A}"
EndProject
Project("{FAE04EC0-301F-11D3-BF4B-00C04F79EFBC}") = "eStok.IntegrationTests", "tests\eStok.IntegrationTests\eStok.IntegrationTests.csproj", "{D9D7699E-7016-46F8-A716-987B93F7A34D}"
EndProject
Global
	GlobalSection(SolutionConfigurationPlatforms) = preSolution
		Debug|Any CPU = Debug|Any CPU
		Debug|x64 = Debug|x64
		Debug|x86 = Debug|x86
		Release|Any CPU = Release|Any CPU
		Release|x64 = Release|x64
		Release|x86 = Release|x86
	EndGlobalSection
	GlobalSection(ProjectConfigurationPlatforms) = postSolution
		{68673E64-8EDD-4363-893B-DB0D6B2B3C66}.Debug|Any CPU.ActiveCfg = Debug|Any CPU
		{68673E64-8EDD-4363-893B-DB0D6B2B3C66}.Debug|Any CPU.Build.0 = Debug|Any CPU
		{68673E64-8EDD-4363-893B-DB0D6B2B3C66}.Debug|x64.ActiveCfg = Debug|Any CPU
		{68673E64-8EDD-4363-893B-DB0D6B2B3C66}.Debug|x64.Build.0 = Debug|Any CPU
		{68673E64-8EDD-4363-893B-DB0D6B2B3C66}.Debug|x86.ActiveCfg = Debug|Any CPU
		{68673E64-8EDD-4363-893B-DB0D6B2B3C66}.Debug|x86.Build.0 = Debug|Any CPU
		{68673E64-8EDD-4363-893B-DB0D6B2B3C66}.Release|Any CPU.ActiveCfg = Release|Any CPU
		{68673E64-8EDD-4363-893B-DB0D6B2B3C66}.Release|Any CPU.Build.0 = Release|Any CPU
		{68673E64-8EDD-4363-893B-DB0D6B2B3C66}.Release|x64.ActiveCfg = Release|Any CPU
		{68673E64-8EDD-4363-893B-DB0D6B2B3C66}.Release|x64.Build.0 = Release|Any CPU
		{68673E64-8EDD-4363-893B-DB0D6B2B3C66}.Release|x86.ActiveCfg = Release|Any CPU
		{68673E64-8EDD-4363-893B-DB0D6B2B3C66}.Release|x86.Build.0 = Release|Any CPU
		{1F4D378C-FB04-4614-A78A-78CF18BDFE24}.Debug|Any CPU.ActiveCfg = Debug|Any CPU
		{1F4D378C-FB04-4614-A78A-78CF18BDFE24}.Debug|Any CPU.Build.0 = Debug|Any CPU
		{1F4D378C-FB04-4614-A78A-78CF18BDFE24}.Debug|x64.ActiveCfg = Debug|Any CPU
		{1F4D378C-FB04-4614-A78A-78CF18BDFE24}.Debug|x64.Build.0 = Debug|Any CPU
		{1F4D378C-FB04-4614-A78A-78CF18BDFE24}.Debug|x86.ActiveCfg = Debug|Any CPU
		{1F4D378C-FB04-4614-A78A-78CF18BDFE24}.Debug|x86.Build.0 = Debug|Any CPU
		{1F4D378C-FB04-4614-A78A-78CF18BDFE24}.Release|Any CPU.ActiveCfg = Release|Any CPU
		{1F4D378C-FB04-4614-A78A-78CF18BDFE24}.Release|Any CPU.Build.0 = Release|Any CPU
		{1F4D378C-FB04-4614-A78A-78CF18BDFE24}.Release|x64.ActiveCfg = Release|Any CPU
		{1F4D378C-FB04-4614-A78A-78CF18BDFE24}.Release|x64.Build.0 = Release|Any CPU
		{1F4D378C-FB04-4614-A78A-78CF18BDFE24}.Release|x86.ActiveCfg = Release|Any CPU
		{1F4D378C-FB04-4614-A78A-78CF18BDFE24}.Release|x86.Build.0 = Release|Any CPU
		{8ABEE904-00B0-4407-B9B5-A6C6DAB9C635}.Debug|Any CPU.ActiveCfg = Debug|Any CPU
		{8ABEE904-00B0-4407-B9B5-A6C6DAB9C635}.Debug|Any CPU.Build.0 = Debug|Any CPU
		{8ABEE904-00B0-4407-B9B5-A6C6DAB9C635}.Debug|x64.ActiveCfg = Debug|Any CPU
		{8ABEE904-00B0-4407-B9B5-A6C6DAB9C635}.Debug|x64.Build.0 = Debug|Any CPU
		{8ABEE904-00B0-4407-B9B5-A6C6DAB9C635}.Debug|x86.ActiveCfg = Debug|Any CPU
		{8ABEE904-00B0-4407-B9B5-A6C6DAB9C635}.Debug|x86.Build.0 = Debug|Any CPU
		{8ABEE904-00B0-4407-B9B5-A6C6DAB9C635}.Release|Any CPU.ActiveCfg = Release|Any CPU
		{8ABEE904-00B0-4407-B9B5-A6C6DAB9C635}.Release|Any CPU.Build.0 = Release|Any CPU
		{8ABEE904-00B0-4407-B9B5-A6C6DAB9C635}.Release|x64.ActiveCfg = Release|Any CPU
		{8ABEE904-00B0-4407-B9B5-A6C6DAB9C635}.Release|x64.Build.0 = Release|Any CPU
		{8ABEE904-00B0-4407-B9B5-A6C6DAB9C635}.Release|x86.ActiveCfg = Release|Any CPU
		{8ABEE904-00B0-4407-B9B5-A6C6DAB9C635}.Release|x86.Build.0 = Release|Any CPU
		{612E9C27-ED4F-4308-B0D6-1FF94D3CADE4}.Debug|Any CPU.ActiveCfg = Debug|Any CPU
		{612E9C27-ED4F-4308-B0D6-1FF94D3CADE4}.Debug|Any CPU.Build.0 = Debug|Any CPU
		{612E9C27-ED4F-4308-B0D6-1FF94D3CADE4}.Debug|x64.ActiveCfg = Debug|Any CPU
		{612E9C27-ED4F-4308-B0D6-1FF94D3CADE4}.Debug|x64.Build.0 = Debug|Any CPU
		{612E9C27-ED4F-4308-B0D6-1FF94D3CADE4}.Debug|x86.ActiveCfg = Debug|Any CPU
		{612E9C27-ED4F-4308-B0D6-1FF94D3CADE4}.Debug|x86.Build.0 = Debug|Any CPU
		{612E9C27-ED4F-4308-B0D6-1FF94D3CADE4}.Release|Any CPU.ActiveCfg = Release|Any CPU
		{612E9C27-ED4F-4308-B0D6-1FF94D3CADE4}.Release|Any CPU.Build.0 = Release|Any CPU
		{612E9C27-ED4F-4308-B0D6-1FF94D3CADE4}.Release|x64.ActiveCfg = Release|Any CPU
		{612E9C27-ED4F-4308-B0D6-1FF94D3CADE4}.Release|x64.Build.0 = Release|Any CPU
		{612E9C27-ED4F-4308-B0D6-1FF94D3CADE4}.Release|x86.ActiveCfg = Release|Any CPU
		{612E9C27-ED4F-4308-B0D6-1FF94D3CADE4}.Release|x86.Build.0 = Release|Any CPU
		{82570008-FA77-4349-8977-9C823840AC0A}.Debug|Any CPU.ActiveCfg = Debug|Any CPU
		{82570008-FA77-4349-8977-9C823840AC0A}.Debug|Any CPU.Build.0 = Debug|Any CPU
		{82570008-FA77-4349-8977-9C823840AC0A}.Debug|x64.ActiveCfg = Debug|Any CPU
		{82570008-FA77-4349-8977-9C823840AC0A}.Debug|x64.Build.0 = Debug|Any CPU
		{82570008-FA77-4349-8977-9C823840AC0A}.Debug|x86.ActiveCfg = Debug|Any CPU
		{82570008-FA77-4349-8977-9C823840AC0A}.Debug|x86.Build.0 = Debug|Any CPU
		{82570008-FA77-4349-8977-9C823840AC0A}.Release|Any CPU.ActiveCfg = Release|Any CPU
		{82570008-FA77-4349-8977-9C823840AC0A}.Release|Any CPU.Build.0 = Release|Any CPU
		{82570008-FA77-4349-8977-9C823840AC0A}.Release|x64.ActiveCfg = Release|Any CPU
		{82570008-FA77-4349-8977-9C823840AC0A}.Release|x64.Build.0 = Release|Any CPU
		{82570008-FA77-4349-8977-9C823840AC0A}.Release|x86.ActiveCfg = Release|Any CPU
		{82570008-FA77-4349-8977-9C823840AC0A}.Release|x86.Build.0 = Release|Any CPU
		{D9D7699E-7016-46F8-A716-987B93F7A34D}.Debug|Any CPU.ActiveCfg = Debug|Any CPU
		{D9D7699E-7016-46F8-A716-987B93F7A34D}.Debug|Any CPU.Build.0 = Debug|Any CPU
		{D9D7699E-7016-46F8-A716-987B93F7A34D}.Debug|x64.ActiveCfg = Debug|Any CPU
		{D9D7699E-7016-46F8-A716-987B93F7A34D}.Debug|x64.Build.0 = Debug|Any CPU
		{D9D7699E-7016-46F8-A716-987B93F7A34D}.Debug|x86.ActiveCfg = Debug|Any CPU
		{D9D7699E-7016-46F8-A716-987B93F7A34D}.Debug|x86.Build.0 = Debug|Any CPU
		{D9D7699E-7016-46F8-A716-987B93F7A34D}.Release|Any CPU.ActiveCfg = Release|Any CPU
		{D9D7699E-7016-46F8-A716-987B93F7A34D}.Release|Any CPU.Build.0 = Release|Any CPU
		{D9D7699E-7016-46F8-A716-987B93F7A34D}.Release|x64.ActiveCfg = Release|Any CPU
		{D9D7699E-7016-46F8-A716-987B93F7A34D}.Release|x64.Build.0 = Release|Any CPU
		{D9D7699E-7016-46F8-A716-987B93F7A34D}.Release|x86.ActiveCfg = Release|Any CPU
		{D9D7699E-7016-46F8-A716-987B93F7A34D}.Release|x86.Build.0 = Release|Any CPU
	EndGlobalSection
	GlobalSection(SolutionProperties) = preSolution
		HideSolutionNode = FALSE
	EndGlobalSection
	GlobalSection(NestedProjects) = preSolution
		{68673E64-8EDD-4363-893B-DB0D6B2B3C66} = {827E0CD3-B72D-47B6-A68D-7590B98EB39B}
		{1F4D378C-FB04-4614-A78A-78CF18BDFE24} = {827E0CD3-B72D-47B6-A68D-7590B98EB39B}
		{8ABEE904-00B0-4407-B9B5-A6C6DAB9C635} = {827E0CD3-B72D-47B6-A68D-7590B98EB39B}
		{612E9C27-ED4F-4308-B0D6-1FF94D3CADE4} = {827E0CD3-B72D-47B6-A68D-7590B98EB39B}
		{82570008-FA77-4349-8977-9C823840AC0A} = {0AB3BF05-4346-4AA6-1389-037BE0695223}
		{D9D7699E-7016-46F8-A716-987B93F7A34D} = {0AB3BF05-4346-4AA6-1389-037BE0695223}
	EndGlobalSection
EndGlobal
